# This file is automatically @generated by Cargo.
# It is not intended for manual editing.
[[package]]
name = "crafting_interpreters"
version = "0.1.0"
dependencies = [
 "dyn-clone",
]

[[package]]
name = "dyn-clone"
version = "1.0.3"
source = "registry+https://github.com/rust-lang/crates.io-index"
checksum = "d55796afa1b20c2945ca8eabfc421839f2b766619209f1ede813cf2484f31804"
